// !$*UTF8*$!
{
	archiveVersion = 1;
	classes = {
	};
	objectVersion = 50;
	objects = {

/* Begin PBXBuildFile section */
		C331A467231D181800071DDB /* AppDelegate.swift in Sources */ = {isa = PBXBuildFile; fileRef = C331A466231D181800071DDB /* AppDelegate.swift */; };
		C331A46C231D181800071DDB /* Main.storyboard in Resources */ = {isa = PBXBuildFile; fileRef = C331A46A231D181800071DDB /* Main.storyboard */; };
		C331A46E231D181900071DDB /* Assets.xcassets in Resources */ = {isa = PBXBuildFile; fileRef = C331A46D231D181900071DDB /* Assets.xcassets */; };
		C331A471231D181900071DDB /* LaunchScreen.storyboard in Resources */ = {isa = PBXBuildFile; fileRef = C331A46F231D181900071DDB /* LaunchScreen.storyboard */; };
		C331A47C231D181900071DDB /* ToDoTests.swift in Sources */ = {isa = PBXBuildFile; fileRef = C331A47B231D181900071DDB /* ToDoTests.swift */; };
		C331A487231D181900071DDB /* ToDoUITests.swift in Sources */ = {isa = PBXBuildFile; fileRef = C331A486231D181900071DDB /* ToDoUITests.swift */; };
		C331A521231D628200071DDB /* AddViewController.swift in Sources */ = {isa = PBXBuildFile; fileRef = C331A520231D628200071DDB /* AddViewController.swift */; };
		C331A523231D62CD00071DDB /* TableViewController.swift in Sources */ = {isa = PBXBuildFile; fileRef = C331A522231D62CD00071DDB /* TableViewController.swift */; };
		C331A525231D631000071DDB /* DetailViewController.swift in Sources */ = {isa = PBXBuildFile; fileRef = C331A524231D631000071DDB /* DetailViewController.swift */; };
		C331A527231D74B600071DDB /* CustomTableViewCell.swift in Sources */ = {isa = PBXBuildFile; fileRef = C331A526231D74B600071DDB /* CustomTableViewCell.swift */; };
/* End PBXBuildFile section */

/* Begin PBXContainerItemProxy section */
		C331A478231D181900071DDB /* PBXContainerItemProxy */ = {
			isa = PBXContainerItemProxy;
			containerPortal = C331A45B231D181800071DDB /* Project object */;
			proxyType = 1;
			remoteGlobalIDString = C331A462231D181800071DDB;
			remoteInfo = ToDo;
		};
		C331A483231D181900071DDB /* PBXContainerItemProxy */ = {
			isa = PBXContainerItemProxy;
			containerPortal = C331A45B231D181800071DDB /* Project object */;
			proxyType = 1;
			remoteGlobalIDString = C331A462231D181800071DDB;
			remoteInfo = ToDo;
		};
/* End PBXContainerItemProxy section */

/* Begin PBXFileReference section */
		C331A463231D181800071DDB /* ToDo.app */ = {isa = PBXFileReference; explicitFileType = wrapper.application; includeInIndex = 0; path = ToDo.app; sourceTree = BUILT_PRODUCTS_DIR; };
		C331A466231D181800071DDB /* AppDelegate.swift */ = {isa = PBXFileReference; lastKnownFileType = sourcecode.swift; path = AppDelegate.swift; sourceTree = "<group>"; };
		C331A46B231D181800071DDB /* Base */ = {isa = PBXFileReference; lastKnownFileType = file.storyboard; name = Base; path = Base.lproj/Main.storyboard; sourceTree = "<group>"; };
		C331A46D231D181900071DDB /* Assets.xcassets */ = {isa = PBXFileReference; lastKnownFileType = folder.assetcatalog; path = Assets.xcassets; sourceTree = "<group>"; };
		C331A470231D181900071DDB /* Base */ = {isa = PBXFileReference; lastKnownFileType = file.storyboard; name = Base; path = Base.lproj/LaunchScreen.storyboard; sourceTree = "<group>"; };
		C331A472231D181900071DDB /* Info.plist */ = {isa = PBXFileReference; lastKnownFileType = text.plist.xml; path = Info.plist; sourceTree = "<group>"; };
		C331A477231D181900071DDB /* ToDoTests.xctest */ = {isa = PBXFileReference; explicitFileType = wrapper.cfbundle; includeInIndex = 0; path = ToDoTests.xctest; sourceTree = BUILT_PRODUCTS_DIR; };
		C331A47B231D181900071DDB /* ToDoTests.swift */ = {isa = PBXFileReference; lastKnownFileType = sourcecode.swift; path = ToDoTests.swift; sourceTree = "<group>"; };
		C331A47D231D181900071DDB /* Info.plist */ = {isa = PBXFileReference; lastKnownFileType = text.plist.xml; path = Info.plist; sourceTree = "<group>"; };
		C331A482231D181900071DDB /* ToDoUITests.xctest */ = {isa = PBXFileReference; explicitFileType = wrapper.cfbundle; includeInIndex = 0; path = ToDoUITests.xctest; sourceTree = BUILT_PRODUCTS_DIR; };
		C331A486231D181900071DDB /* ToDoUITests.swift */ = {isa = PBXFileReference; lastKnownFileType = sourcecode.swift; path = ToDoUITests.swift; sourceTree = "<group>"; };
		C331A488231D181900071DDB /* Info.plist */ = {isa = PBXFileReference; lastKnownFileType = text.plist.xml; path = Info.plist; sourceTree = "<group>"; };
		C331A520231D628200071DDB /* AddViewController.swift */ = {isa = PBXFileReference; lastKnownFileType = sourcecode.swift; path = AddViewController.swift; sourceTree = "<group>"; };
		C331A522231D62CD00071DDB /* TableViewController.swift */ = {isa = PBXFileReference; lastKnownFileType = sourcecode.swift; path = TableViewController.swift; sourceTree = "<group>"; };
		C331A524231D631000071DDB /* DetailViewController.swift */ = {isa = PBXFileReference; lastKnownFileType = sourcecode.swift; path = DetailViewController.swift; sourceTree = "<group>"; };
		C331A526231D74B600071DDB /* CustomTableViewCell.swift */ = {isa = PBXFileReference; lastKnownFileType = sourcecode.swift; path = CustomTableViewCell.swift; sourceTree = "<group>"; };
/* End PBXFileReference section */

/* Begin PBXFrameworksBuildPhase section */
		C331A460231D181800071DDB /* Frameworks */ = {
			isa = PBXFrameworksBuildPhase;
			buildActionMask = 2147483647;
			files = (
			);
			runOnlyForDeploymentPostprocessing = 0;
		};
		C331A474231D181900071DDB /* Frameworks */ = {
			isa = PBXFrameworksBuildPhase;
			buildActionMask = 2147483647;
			files = (
			);
			runOnlyForDeploymentPostprocessing = 0;
		};
		C331A47F231D181900071DDB /* Frameworks */ = {
			isa = PBXFrameworksBuildPhase;
			buildActionMask = 2147483647;
			files = (
			);
			runOnlyForDeploymentPostprocessing = 0;
		};
/* End PBXFrameworksBuildPhase section */

/* Begin PBXGroup section */
		C331A45A231D181800071DDB = {
			isa = PBXGroup;
			children = (
				C331A465231D181800071DDB /* ToDo */,
				C331A47A231D181900071DDB /* ToDoTests */,
				C331A485231D181900071DDB /* ToDoUITests */,
				C331A464231D181800071DDB /* Products */,
			);
			sourceTree = "<group>";
		};
		C331A464231D181800071DDB /* Products */ = {
			isa = PBXGroup;
			children = (
				C331A463231D181800071DDB /* ToDo.app */,
				C331A477231D181900071DDB /* ToDoTests.xctest */,
				C331A482231D181900071DDB /* ToDoUITests.xctest */,
			);
			name = Products;
			sourceTree = "<group>";
		};
		C331A465231D181800071DDB /* ToDo */ = {
			isa = PBXGroup;
			children = (
				C331A466231D181800071DDB /* AppDelegate.swift */,
				C331A520231D628200071DDB /* AddViewController.swift */,
				C331A524231D631000071DDB /* DetailViewController.swift */,
				C331A522231D62CD00071DDB /* TableViewController.swift */,
				C331A46A231D181800071DDB /* Main.storyboard */,
				C331A46D231D181900071DDB /* Assets.xcassets */,
				C331A46F231D181900071DDB /* LaunchScreen.storyboard */,
				C331A472231D181900071DDB /* Info.plist */,
				C331A526231D74B600071DDB /* CustomTableViewCell.swift */,
			);
			path = ToDo;
			sourceTree = "<group>";
		};
		C331A47A231D181900071DDB /* ToDoTests */ = {
			isa = PBXGroup;
			children = (
				C331A47B231D181900071DDB /* ToDoTests.swift */,
				C331A47D231D181900071DDB /* Info.plist */,
			);
			path = ToDoTests;
			sourceTree = "<group>";
		};
		C331A485231D181900071DDB /* ToDoUITests */ = {
			isa = PBXGroup;
			children = (
				C331A486231D181900071DDB /* ToDoUITests.swift */,
				C331A488231D181900071DDB /* Info.plist */,
			);
			path = ToDoUITests;
			sourceTree = "<group>";
		};
/* End PBXGroup section */

/* Begin PBXNativeTarget section */
		C331A462231D181800071DDB /* ToDo */ = {
			isa = PBXNativeTarget;
			buildConfigurationList = C331A48B231D181900071DDB /* Build configuration list for PBXNativeTarget "ToDo" */;
			buildPhases = (
				C331A45F231D181800071DDB /* Sources */,
				C331A460231D181800071DDB /* Frameworks */,
				C331A461231D181800071DDB /* Resources */,
			);
			buildRules = (
			);
			dependencies = (
			);
			name = ToDo;
			productName = ToDo;
			productReference = C331A463231D181800071DDB /* ToDo.app */;
			productType = "com.apple.product-type.application";
		};
		C331A476231D181900071DDB /* ToDoTests */ = {
			isa = PBXNativeTarget;
			buildConfigurationList = C331A48E231D181900071DDB /* Build configuration list for PBXNativeTarget "ToDoTests" */;
			buildPhases = (
				C331A473231D181900071DDB /* Sources */,
				C331A474231D181900071DDB /* Frameworks */,
				C331A475231D181900071DDB /* Resources */,
			);
			buildRules = (
			);
			dependencies = (
				C331A479231D181900071DDB /* PBXTargetDependency */,
			);
			name = ToDoTests;
			productName = ToDoTests;
			productReference = C331A477231D181900071DDB /* ToDoTests.xctest */;
			productType = "com.apple.product-type.bundle.unit-test";
		};
		C331A481231D181900071DDB /* ToDoUITests */ = {
			isa = PBXNativeTarget;
			buildConfigurationList = C331A491231D181900071DDB /* Build configuration list for PBXNativeTarget "ToDoUITests" */;
			buildPhases = (
				C331A47E231D181900071DDB /* Sources */,
				C331A47F231D181900071DDB /* Frameworks */,
				C331A480231D181900071DDB /* Resources */,
			);
			buildRules = (
			);
			dependencies = (
				C331A484231D181900071DDB /* PBXTargetDependency */,
			);
			name = ToDoUITests;
			productName = ToDoUITests;
			productReference = C331A482231D181900071DDB /* ToDoUITests.xctest */;
			productType = "com.apple.product-type.bundle.ui-testing";
		};
/* End PBXNativeTarget section */

/* Begin PBXProject section */
		C331A45B231D181800071DDB /* Project object */ = {
			isa = PBXProject;
			attributes = {
				LastSwiftUpdateCheck = 1020;
				LastUpgradeCheck = 1020;
				ORGANIZATIONNAME = " Chaehyeon Lee";
				TargetAttributes = {
					C331A462231D181800071DDB = {
						CreatedOnToolsVersion = 10.2.1;
					};
					C331A476231D181900071DDB = {
						CreatedOnToolsVersion = 10.2.1;
						TestTargetID = C331A462231D181800071DDB;
					};
					C331A481231D181900071DDB = {
						CreatedOnToolsVersion = 10.2.1;
						TestTargetID = C331A462231D181800071DDB;
					};
				};
			};
			buildConfigurationList = C331A45E231D181800071DDB /* Build configuration list for PBXProject "ToDo" */;
			compatibilityVersion = "Xcode 9.3";
			developmentRegion = en;
			hasScannedForEncodings = 0;
			knownRegions = (
				en,
				Base,
			);
			mainGroup = C331A45A231D181800071DDB;
			productRefGroup = C331A464231D181800071DDB /* Products */;
			projectDirPath = "";
			projectRoot = "";
			targets = (
				C331A462231D181800071DDB /* ToDo */,
				C331A476231D181900071DDB /* ToDoTests */,
				C331A481231D181900071DDB /* ToDoUITests */,
			);
		};
/* End PBXProject section */

/* Begin PBXResourcesBuildPhase section */
		C331A461231D181800071DDB /* Resources */ = {
			isa = PBXResourcesBuildPhase;
			buildActionMask = 2147483647;
			files = (
				C331A471231D181900071DDB /* LaunchScreen.storyboard in Resources */,
				C331A46E231D181900071DDB /* Assets.xcassets in Resources */,
				C331A46C231D181800071DDB /* Main.storyboard in Resources */,
			);
			runOnlyForDeploymentPostprocessing = 0;
		};
		C331A475231D181900071DDB /* Resources */ = {
			isa = PBXResourcesBuildPhase;
			buildActionMask = 2147483647;
			files = (
			);
			runOnlyForDeploymentPostprocessing = 0;
		};
		C331A480231D181900071DDB /* Resources */ = {
			isa = PBXResourcesBuildPhase;
			buildActionMask = 2147483647;
			files = (
			);
			runOnlyForDeploymentPostprocessing = 0;
		};
/* End PBXResourcesBuildPhase section */

/* Begin PBXSourcesBuildPhase section */
		C331A45F231D181800071DDB /* Sources */ = {
			isa = PBXSourcesBuildPhase;
			buildActionMask = 2147483647;
			files = (
				C331A467231D181800071DDB /* AppDelegate.swift in Sources */,
				C331A527231D74B600071DDB /* CustomTableViewCell.swift in Sources */,
				C331A523231D62CD00071DDB /* TableViewController.swift in Sources */,
				C331A521231D628200071DDB /* AddViewController.swift in Sources */,
				C331A525231D631000071DDB /* DetailViewController.swift in Sources */,
			);
			runOnlyForDeploymentPostprocessing = 0;
		};
		C331A473231D181900071DDB /* Sources */ = {
			isa = PBXSourcesBuildPhase;
			buildActionMask = 2147483647;
			files = (
				C331A47C231D181900071DDB /* ToDoTests.swift in Sources */,
			);
			runOnlyForDeploymentPostprocessing = 0;
		};
		C331A47E231D181900071DDB /* Sources */ = {
			isa = PBXSourcesBuildPhase;
			buildActionMask = 2147483647;
			files = (
				C331A487231D181900071DDB /* ToDoUITests.swift in Sources */,
			);
			runOnlyForDeploymentPostprocessing = 0;
		};
/* End PBXSourcesBuildPhase section */

/* Begin PBXTargetDependency section */
		C331A479231D181900071DDB /* PBXTargetDependency */ = {
			isa = PBXTargetDependency;
			target = C331A462231D181800071DDB /* ToDo */;
			targetProxy = C331A478231D181900071DDB /* PBXContainerItemProxy */;
		};
		C331A484231D181900071DDB /* PBXTargetDependency */ = {
			isa = PBXTargetDependency;
			target = C331A462231D181800071DDB /* ToDo */;
			targetProxy = C331A483231D181900071DDB /* PBXContainerItemProxy */;
		};
/* End PBXTargetDependency section */

/* Begin PBXVariantGroup section */
		C331A46A231D181800071DDB /* Main.storyboard */ = {
			isa = PBXVariantGroup;
			children = (
				C331A46B231D181800071DDB /* Base */,
			);
			name = Main.storyboard;
			sourceTree = "<group>";
		};
		C331A46F231D181900071DDB /* LaunchScreen.storyboard */ = {
			isa = PBXVariantGroup;
			children = (
				C331A470231D181900071DDB /* Base */,
			);
			name = LaunchScreen.storyboard;
			sourceTree = "<group>";
		};
/* End PBXVariantGroup section */

/* Begin XCBuildConfiguration section */
		C331A489231D181900071DDB /* Debug */ = {
			isa = XCBuildConfiguration;
			buildSettings = {
				ALWAYS_SEARCH_USER_PATHS = NO;
				CLANG_ANALYZER_NONNULL = YES;
				CLANG_ANALYZER_NUMBER_OBJECT_CONVERSION = YES_AGGRESSIVE;
				CLANG_CXX_LANGUAGE_STANDARD = "gnu++14";
				CLANG_CXX_LIBRARY = "libc++";
				CLANG_ENABLE_MODULES = YES;
				CLANG_ENABLE_OBJC_ARC = YES;
				CLANG_ENABLE_OBJC_WEAK = YES;
				CLANG_WARN_BLOCK_CAPTURE_AUTORELEASING = YES;
				CLANG_WARN_BOOL_CONVERSION = YES;
				CLANG_WARN_COMMA = YES;
				CLANG_WARN_CONSTANT_CONVERSION = YES;
				CLANG_WARN_DEPRECATED_OBJC_IMPLEMENTATIONS = YES;
				CLANG_WARN_DIRECT_OBJC_ISA_USAGE = YES_ERROR;
				CLANG_WARN_DOCUMENTATION_COMMENTS = YES;
				CLANG_WARN_EMPTY_BODY = YES;
				CLANG_WARN_ENUM_CONVERSION = YES;
				CLANG_WARN_INFINITE_RECURSION = YES;
				CLANG_WARN_INT_CONVERSION = YES;
				CLANG_WARN_NON_LITERAL_NULL_CONVERSION = YES;
				CLANG_WARN_OBJC_IMPLICIT_RETAIN_SELF = YES;
				CLANG_WARN_OBJC_LITERAL_CONVERSION = YES;
				CLANG_WARN_OBJC_ROOT_CLASS = YES_ERROR;
				CLANG_WARN_RANGE_LOOP_ANALYSIS = YES;
				CLANG_WARN_STRICT_PROTOTYPES = YES;
				CLANG_WARN_SUSPICIOUS_MOVE = YES;
				CLANG_WARN_UNGUARDED_AVAILABILITY = YES_AGGRESSIVE;
				CLANG_WARN_UNREACHABLE_CODE = YES;
				CLANG_WARN__DUPLICATE_METHOD_MATCH = YES;
				CODE_SIGN_IDENTITY = "iPhone Developer";
				COPY_PHASE_STRIP = NO;
				DEBUG_INFORMATION_FORMAT = dwarf;
				ENABLE_STRICT_OBJC_MSGSEND = YES;
				ENABLE_TESTABILITY = YES;
				GCC_C_LANGUAGE_STANDARD = gnu11;
				GCC_DYNAMIC_NO_PIC = NO;
				GCC_NO_COMMON_BLOCKS = YES;
				GCC_OPTIMIZATION_LEVEL = 0;
				GCC_PREPROCESSOR_DEFINITIONS = (
					"DEBUG=1",
					"$(inherited)",
				);
				GCC_WARN_64_TO_32_BIT_CONVERSION = YES;
				GCC_WARN_ABOUT_RETURN_TYPE = YES_ERROR;
				GCC_WARN_UNDECLARED_SELECTOR = YES;
				GCC_WARN_UNINITIALIZED_AUTOS = YES_AGGRESSIVE;
				GCC_WARN_UNUSED_FUNCTION = YES;
				GCC_WARN_UNUSED_VARIABLE = YES;
				IPHONEOS_DEPLOYMENT_TARGET = 12.2;
				MTL_ENABLE_DEBUG_INFO = INCLUDE_SOURCE;
				MTL_FAST_MATH = YES;
				ONLY_ACTIVE_ARCH = YES;
				SDKROOT = iphoneos;
				SWIFT_ACTIVE_COMPILATION_CONDITIONS = DEBUG;
				SWIFT_OPTIMIZATION_LEVEL = "-Onone";
			};
			name = Debug;
		};
		C331A48A231D181900071DDB /* Release */ = {
			isa = XCBuildConfiguration;
			buildSettings = {
				ALWAYS_SEARCH_USER_PATHS = NO;
				CLANG_ANALYZER_NONNULL = YES;
				CLANG_ANALYZER_NUMBER_OBJECT_CONVERSION = YES_AGGRESSIVE;
				CLANG_CXX_LANGUAGE_STANDARD = "gnu++14";
				CLANG_CXX_LIBRARY = "libc++";
				CLANG_ENABLE_MODULES = YES;
				CLANG_ENABLE_OBJC_ARC = YES;
				CLANG_ENABLE_OBJC_WEAK = YES;
				CLANG_WARN_BLOCK_CAPTURE_AUTORELEASING = YES;
				CLANG_WARN_BOOL_CONVERSION = YES;
				CLANG_WARN_COMMA = YES;
				CLANG_WARN_CONSTANT_CONVERSION = YES;
				CLANG_WARN_DEPRECATED_OBJC_IMPLEMENTATIONS = YES;
				CLANG_WARN_DIRECT_OBJC_ISA_USAGE = YES_ERROR;
				CLANG_WARN_DOCUMENTATION_COMMENTS = YES;
				CLANG_WARN_EMPTY_BODY = YES;
				CLANG_WARN_ENUM_CONVERSION = YES;
				CLANG_WARN_INFINITE_RECURSION = YES;
				CLANG_WARN_INT_CONVERSION = YES;
				CLANG_WARN_NON_LITERAL_NULL_CONVERSION = YES;
				CLANG_WARN_OBJC_IMPLICIT_RETAIN_SELF = YES;
				CLANG_WARN_OBJC_LITERAL_CONVERSION = YES;
				CLANG_WARN_OBJC_ROOT_CLASS = YES_ERROR;
				CLANG_WARN_RANGE_LOOP_ANALYSIS = YES;
				CLANG_WARN_STRICT_PROTOTYPES = YES;
				CLANG_WARN_SUSPICIOUS_MOVE = YES;
				CLANG_WARN_UNGUARDED_AVAILABILITY = YES_AGGRESSIVE;
				CLANG_WARN_UNREACHABLE_CODE = YES;
				CLANG_WARN__DUPLICATE_METHOD_MATCH = YES;
				CODE_SIGN_IDENTITY = "iPhone Developer";
				COPY_PHASE_STRIP = NO;
				DEBUG_INFORMATION_FORMAT = "dwarf-with-dsym";
				ENABLE_NS_ASSERTIONS = NO;
				ENABLE_STRICT_OBJC_MSGSEND = YES;
				GCC_C_LANGUAGE_STANDARD = gnu11;
				GCC_NO_COMMON_BLOCKS = YES;
				GCC_WARN_64_TO_32_BIT_CONVERSION = YES;
				GCC_WARN_ABOUT_RETURN_TYPE = YES_ERROR;
				GCC_WARN_UNDECLARED_SELECTOR = YES;
				GCC_WARN_UNINITIALIZED_AUTOS = YES_AGGRESSIVE;
				GCC_WARN_UNUSED_FUNCTION = YES;
				GCC_WARN_UNUSED_VARIABLE = YES;
				IPHONEOS_DEPLOYMENT_TARGET = 12.2;
				MTL_ENABLE_DEBUG_INFO = NO;
				MTL_FAST_MATH = YES;
				SDKROOT = iphoneos;
				SWIFT_COMPILATION_MODE = wholemodule;
				SWIFT_OPTIMIZATION_LEVEL = "-O";
				VALIDATE_PRODUCT = YES;
			};
			name = Release;
		};
		C331A48C231D181900071DDB /* Debug */ = {
			isa = XCBuildConfiguration;
			buildSettings = {
				ASSETCATALOG_COMPILER_APPICON_NAME = AppIcon;
				CODE_SIGN_STYLE = Automatic;
				DEVELOPMENT_TEAM = CMHWZX5YYN;
				INFOPLIST_FILE = ToDo/Info.plist;
				LD_RUNPATH_SEARCH_PATHS = (
					"$(inherited)",
					"@executable_path/Frameworks",
				);
				PRODUCT_BUNDLE_IDENTIFIER = com.chaehyeon.ToDo;
				PRODUCT_NAME = "$(TARGET_NAME)";
				SWIFT_VERSION = 5.0;
				TARGETED_DEVICE_FAMILY = "1,2";
			};
			name = Debug;
		};
		C331A48D231D181900071DDB /* Release */ = {
			isa = XCBuildConfiguration;
			buildSettings = {
				ASSETCATALOG_COMPILER_APPICON_NAME = AppIcon;
				CODE_SIGN_STYLE = Automatic;
				DEVELOPMENT_TEAM = CMHWZX5YYN;
				INFOPLIST_FILE = ToDo/Info.plist;
				LD_RUNPATH_SEARCH_PATHS = (
					"$(inherited)",
					"@executable_path/Frameworks",
				);
				PRODUCT_BUNDLE_IDENTIFIER = com.chaehyeon.ToDo;
				PRODUCT_NAME = "$(TARGET_NAME)";
				SWIFT_VERSION = 5.0;
				TARGETED_DEVICE_FAMILY = "1,2";
			};
			name = Release;
		};
		C331A48F231D181900071DDB /* Debug */ = {
			isa = XCBuildConfiguration;
			buildSettings = {
				ALWAYS_EMBED_SWIFT_STANDARD_LIBRARIES = YES;
				BUNDLE_LOADER = "$(TEST_HOST)";
				CODE_SIGN_STYLE = Automatic;
				DEVELOPMENT_TEAM = CMHWZX5YYN;
				INFOPLIST_FILE = ToDoTests/Info.plist;
				LD_RUNPATH_SEARCH_PATHS = (
					"$(inherited)",
					"@executable_path/Frameworks",
					"@loader_path/Frameworks",
				);
				PRODUCT_BUNDLE_IDENTIFIER = com.chaehyeon.ToDoTests;
				PRODUCT_NAME = "$(TARGET_NAME)";
				SWIFT_VERSION = 5.0;
				TARGETED_DEVICE_FAMILY = "1,2";
				TEST_HOST = "$(BUILT_PRODUCTS_DIR)/ToDo.app/ToDo";
			};
			name = Debug;
		};
		C331A490231D181900071DDB /* Release */ = {
			isa = XCBuildConfiguration;
			buildSettings = {
				ALWAYS_EMBED_SWIFT_STANDARD_LIBRARIES = YES;
				BUNDLE_LOADER = "$(TEST_HOST)";
				CODE_SIGN_STYLE = Automatic;
				DEVELOPMENT_TEAM = CMHWZX5YYN;
				INFOPLIST_FILE = ToDoTests/Info.plist;
				LD_RUNPATH_SEARCH_PATHS = (
					"$(inherited)",
					"@executable_path/Frameworks",
					"@loader_path/Frameworks",
				);
				PRODUCT_BUNDLE_IDENTIFIER = com.chaehyeon.ToDoTests;
				PRODUCT_NAME = "$(TARGET_NAME)";
				SWIFT_VERSION = 5.0;
				TARGETED_DEVICE_FAMILY = "1,2";
				TEST_HOST = "$(BUILT_PRODUCTS_DIR)/ToDo.app/ToDo";
			};
			name = Release;
		};
		C331A492231D181900071DDB /* Debug */ = {
			isa = XCBuildConfiguration;
			buildSettings = {
				ALWAYS_EMBED_SWIFT_STANDARD_LIBRARIES = YES;
				CODE_SIGN_STYLE = Automatic;
				DEVELOPMENT_TEAM = CMHWZX5YYN;
				INFOPLIST_FILE = ToDoUITests/Info.plist;
				LD_RUNPATH_SEARCH_PATHS = (
					"$(inherited)",
					"@executable_path/Frameworks",
					"@loader_path/Frameworks",
				);
				PRODUCT_BUNDLE_IDENTIFIER = com.chaehyeon.ToDoUITests;
				PRODUCT_NAME = "$(TARGET_NAME)";
				SWIFT_VERSION = 5.0;
				TARGETED_DEVICE_FAMILY = "1,2";
				TEST_TARGET_NAME = ToDo;
			};
			name = Debug;
		};
		C331A493231D181900071DDB /* Release */ = {
			isa = XCBuildConfiguration;
			buildSettings = {
				ALWAYS_EMBED_SWIFT_STANDARD_LIBRARIES = YES;
				CODE_SIGN_STYLE = Automatic;
				DEVELOPMENT_TEAM = CMHWZX5YYN;
				INFOPLIST_FILE = ToDoUITests/Info.plist;
				LD_RUNPATH_SEARCH_PATHS = (
					"$(inherited)",
					"@executable_path/Frameworks",
					"@loader_path/Frameworks",
				);
				PRODUCT_BUNDLE_IDENTIFIER = com.chaehyeon.ToDoUITests;
				PRODUCT_NAME = "$(TARGET_NAME)";
				SWIFT_VERSION = 5.0;
				TARGETED_DEVICE_FAMILY = "1,2";
				TEST_TARGET_NAME = ToDo;
			};
			name = Release;
		};
/* End XCBuildConfiguration section */

/* Begin XCConfigurationList section */
		C331A45E231D181800071DDB /* Build configuration list for PBXProject "ToDo" */ = {
			isa = XCConfigurationList;
			buildConfigurations = (
				C331A489231D181900071DDB /* Debug */,
				C331A48A231D181900071DDB /* Release */,
			);
			defaultConfigurationIsVisible = 0;
			defaultConfigurationName = Release;
		};
		C331A48B231D181900071DDB /* Build configuration list for PBXNativeTarget "ToDo" */ = {
			isa = XCConfigurationList;
			buildConfigurations = (
				C331A48C231D181900071DDB /* Debug */,
				C331A48D231D181900071DDB /* Release */,
			);
			defaultConfigurationIsVisible = 0;
			defaultConfigurationName = Release;
		};
		C331A48E231D181900071DDB /* Build configuration list for PBXNativeTarget "ToDoTests" */ = {
			isa = XCConfigurationList;
			buildConfigurations = (
				C331A48F231D181900071DDB /* Debug */,
				C331A490231D181900071DDB /* Release */,
			);
			defaultConfigurationIsVisible = 0;
			defaultConfigurationName = Release;
		};
		C331A491231D181900071DDB /* Build configuration list for PBXNativeTarget "ToDoUITests" */ = {
			isa = XCConfigurationList;
			buildConfigurations = (
				C331A492231D181900071DDB /* Debug */,
				C331A493231D181900071DDB /* Release */,
			);
			defaultConfigurationIsVisible = 0;
			defaultConfigurationName = Release;
		};
/* End XCConfigurationList section */
	};
	rootObject = C331A45B231D181800071DDB /* Project object */;
}
